
Microsoft Visual Studio Solution File, Format Version 12.00
# Visual Studio Version 17
VisualStudioVersion = 17.5.33530.505
MinimumVisualStudioVersion = 10.0.40219.1
Project("{9A19103F-16F7-4668-BE54-9A1E7A4F7556}") = "Company.API", "Company.API\Company.API.csproj", "{C6FCFB36-6B9B-4B5D-B5C8-C756856FC784}"
EndProject
Project("{9A19103F-16F7-4668-BE54-9A1E7A4F7556}") = "Company.Abstractions", "Company.Abstractions\Company.Abstractions.csproj", "{A1F6EDFA-DDAA-4FBB-8A66-E935F9B8A05F}"
EndProject
Project("{9A19103F-16F7-4668-BE54-9A1E7A4F7556}") = "Company.Application", "Company.Application\Company.Application.csproj", "{B051F838-9D1A-49D7-96CB-72A45AE3309A}"
EndProject
Project("{9A19103F-16F7-4668-BE54-9A1E7A4F7556}") = "Company.Infrastructure", "Company.Infrastructure\Company.Infrastructure.csproj", "{1CE293A0-F65E-403E-9589-4946DA6B3F42}"
EndProject
Project("{9A19103F-16F7-4668-BE54-9A1E7A4F7556}") = "Company.UnitTests", "CompanyAPI.UnitTests\Company.UnitTests.csproj", "{535EB248-3C98-428B-807D-B52AFCAFAE00}"
EndProject
Global
	GlobalSection(SolutionConfigurationPlatforms) = preSolution
		Debug|Any CPU = Debug|Any CPU
		Release|Any CPU = Release|Any CPU
	EndGlobalSection
	GlobalSection(ProjectConfigurationPlatforms) = postSolution
		{C6FCFB36-6B9B-4B5D-B5C8-C756856FC784}.Debug|Any CPU.ActiveCfg = Debug|Any CPU
		{C6FCFB36-6B9B-4B5D-B5C8-C756856FC784}.Debug|Any CPU.Build.0 = Debug|Any CPU
		{C6FCFB36-6B9B-4B5D-B5C8-C756856FC784}.Release|Any CPU.ActiveCfg = Release|Any CPU
		{C6FCFB36-6B9B-4B5D-B5C8-C756856FC784}.Release|Any CPU.Build.0 = Release|Any CPU
		{A1F6EDFA-DDAA-4FBB-8A66-E935F9B8A05F}.Debug|Any CPU.ActiveCfg = Debug|Any CPU
		{A1F6EDFA-DDAA-4FBB-8A66-E935F9B8A05F}.Debug|Any CPU.Build.0 = Debug|Any CPU
		{A1F6EDFA-DDAA-4FBB-8A66-E935F9B8A05F}.Release|Any CPU.ActiveCfg = Release|Any CPU
		{A1F6EDFA-DDAA-4FBB-8A66-E935F9B8A05F}.Release|Any CPU.Build.0 = Release|Any CPU
		{B051F838-9D1A-49D7-96CB-72A45AE3309A}.Debug|Any CPU.ActiveCfg = Debug|Any CPU
		{B051F838-9D1A-49D7-96CB-72A45AE3309A}.Debug|Any CPU.Build.0 = Debug|Any CPU
		{B051F838-9D1A-49D7-96CB-72A45AE3309A}.Release|Any CPU.ActiveCfg = Release|Any CPU
		{B051F838-9D1A-49D7-96CB-72A45AE3309A}.Release|Any CPU.Build.0 = Release|Any CPU
		{1CE293A0-F65E-403E-9589-4946DA6B3F42}.Debug|Any CPU.ActiveCfg = Debug|Any CPU
		{1CE293A0-F65E-403E-9589-4946DA6B3F42}.Debug|Any CPU.Build.0 = Debug|Any CPU
		{1CE293A0-F65E-403E-9589-4946DA6B3F42}.Release|Any CPU.ActiveCfg = Release|Any CPU
		{1CE293A0-F65E-403E-9589-4946DA6B3F42}.Release|Any CPU.Build.0 = Release|Any CPU
		{535EB248-3C98-428B-807D-B52AFCAFAE00}.Debug|Any CPU.ActiveCfg = Debug|Any CPU
		{535EB248-3C98-428B-807D-B52AFCAFAE00}.Debug|Any CPU.Build.0 = Debug|Any CPU
		{535EB248-3C98-428B-807D-B52AFCAFAE00}.Release|Any CPU.ActiveCfg = Release|Any CPU
		{535EB248-3C98-428B-807D-B52AFCAFAE00}.Release|Any CPU.Build.0 = Release|Any CPU
	EndGlobalSection
	GlobalSection(SolutionProperties) = preSolution
		HideSolutionNode = FALSE
	EndGlobalSection
	GlobalSection(ExtensibilityGlobals) = postSolution
		SolutionGuid = {155F4F99-AE1B-424D-B77F-50847EBC7998}
	EndGlobalSection
EndGlobal
